
Microsoft Visual Studio Solution File, Format Version 12.00
# Visual Studio 14
VisualStudioVersion = 14.0.24720.0
MinimumVisualStudioVersion = 10.0.40219.1
Project("{FAE04EC0-301F-11D3-BF4B-00C04F79EFBC}") = "libMIDI", "KeyboardToMIDI\libMIDI.csproj", "{40D25DA0-D385-4144-9190-97021C82D988}"
EndProject
Project("{FAE04EC0-301F-11D3-BF4B-00C04F79EFBC}") = "wpfUI", "wpfUI\wpfUI.csproj", "{A43DD0CF-7274-4152-9C08-8A315C3BC494}"
EndProject
Global
	GlobalSection(SolutionConfigurationPlatforms) = preSolution
		Debug|Any CPU = Debug|Any CPU
		Release|Any CPU = Release|Any CPU
	EndGlobalSection
	GlobalSection(ProjectConfigurationPlatforms) = postSolution
		{40D25DA0-D385-4144-9190-97021C82D988}.Debug|Any CPU.ActiveCfg = Debug|Any CPU
		{40D25DA0-D385-4144-9190-97021C82D988}.Debug|Any CPU.Build.0 = Debug|Any CPU
		{40D25DA0-D385-4144-9190-97021C82D988}.Release|Any CPU.ActiveCfg = Release|Any CPU
		{40D25DA0-D385-4144-9190-97021C82D988}.Release|Any CPU.Build.0 = Release|Any CPU
		{A43DD0CF-7274-4152-9C08-8A315C3BC494}.Debug|Any CPU.ActiveCfg = Debug|Any CPU
		{A43DD0CF-7274-4152-9C08-8A315C3BC494}.Debug|Any CPU.Build.0 = Debug|Any CPU
		{A43DD0CF-7274-4152-9C08-8A315C3BC494}.Release|Any CPU.ActiveCfg = Release|Any CPU
		{A43DD0CF-7274-4152-9C08-8A315C3BC494}.Release|Any CPU.Build.0 = Release|Any CPU
	EndGlobalSection
	GlobalSection(SolutionProperties) = preSolution
		HideSolutionNode = FALSE
	EndGlobalSection
EndGlobal
